Microsoft Visual Studio Solution File, Format Version 12.00
# Visual Studio Version 17
VisualStudioVersion = 17.5.2.0
MinimumVisualStudioVersion = 10.0.40219.1
Project("{FAE04EC0-301F-11D3-BF4B-00C04F79EFBC}") = "LinternBackend", "LinternBackend\LinternBackend.csproj", "{0C82B7FB-7A53-D66A-CDFB-F68C551FC1AA}"
EndProject
Global
	GlobalSection(SolutionConfigurationPlatforms) = preSolution
		Debug|Any CPU = Debug|Any CPU
		Release|Any CPU = Release|Any CPU
	EndGlobalSection
	GlobalSection(ProjectConfigurationPlatforms) = postSolution
		{0C82B7FB-7A53-D66A-CDFB-F68C551FC1AA}.Debug|Any CPU.ActiveCfg = Debug|Any CPU
		{0C82B7FB-7A53-D66A-CDFB-F68C551FC1AA}.Debug|Any CPU.Build.0 = Debug|Any CPU
		{0C82B7FB-7A53-D66A-CDFB-F68C551FC1AA}.Release|Any CPU.ActiveCfg = Release|Any CPU
		{0C82B7FB-7A53-D66A-CDFB-F68C551FC1AA}.Release|Any CPU.Build.0 = Release|Any CPU
	EndGlobalSection
	GlobalSection(SolutionProperties) = preSolution
		HideSolutionNode = FALSE
	EndGlobalSection
	GlobalSection(ExtensibilityGlobals) = postSolution
		SolutionGuid = {3799F428-1146-4C72-A5BC-72C0A2F802A3}
	EndGlobalSection
EndGlobal
